
Microsoft Visual Studio Solution File, Format Version 12.00
# Visual Studio Version 17
VisualStudioVersion = 17.8.35027.43
MinimumVisualStudioVersion = 10.0.40219.1
Project("{9A19103F-16F7-4668-BE54-9A1E7A4F7556}") = "FilepickerLab", "FilepickerLab.csproj", "{7351AB58-9074-497F-9F1C-44C034B27C04}"
EndProject
Global
	GlobalSection(SolutionConfigurationPlatforms) = preSolution
		Debug|Any CPU = Debug|Any CPU
		Release|Any CPU = Release|Any CPU
	EndGlobalSection
	GlobalSection(ProjectConfigurationPlatforms) = postSolution
		{7351AB58-9074-497F-9F1C-44C034B27C04}.Debug|Any CPU.ActiveCfg = Debug|Any CPU
		{7351AB58-9074-497F-9F1C-44C034B27C04}.Debug|Any CPU.Build.0 = Debug|Any CPU
		{7351AB58-9074-497F-9F1C-44C034B27C04}.Release|Any CPU.ActiveCfg = Release|Any CPU
		{7351AB58-9074-497F-9F1C-44C034B27C04}.Release|Any CPU.Build.0 = Release|Any CPU
	EndGlobalSection
	GlobalSection(SolutionProperties) = preSolution
		HideSolutionNode = FALSE
	EndGlobalSection
	GlobalSection(ExtensibilityGlobals) = postSolution
		SolutionGuid = {D8C2BC6C-5430-4FE1-8187-549A5E7CA160}
	EndGlobalSection
EndGlobal
